
Microsoft Visual Studio Solution File, Format Version 12.00
# Visual Studio Version 16
VisualStudioVersion = 16.0.30517.126
MinimumVisualStudioVersion = 10.0.40219.1
Project("{FAE04EC0-301F-11D3-BF4B-00C04F79EFBC}") = "Do-An", "Do-An\Do-An.csproj", "{E3C2D21A-6A42-4989-84D0-9B70CC01BCC9}"
EndProject
Global
	GlobalSection(SolutionConfigurationPlatforms) = preSolution
		Debug|Any CPU = Debug|Any CPU
		Release|Any CPU = Release|Any CPU
	EndGlobalSection
	GlobalSection(ProjectConfigurationPlatforms) = postSolution
		{E3C2D21A-6A42-4989-84D0-9B70CC01BCC9}.Debug|Any CPU.ActiveCfg = Debug|Any CPU
		{E3C2D21A-6A42-4989-84D0-9B70CC01BCC9}.Debug|Any CPU.Build.0 = Debug|Any CPU
		{E3C2D21A-6A42-4989-84D0-9B70CC01BCC9}.Release|Any CPU.ActiveCfg = Release|Any CPU
		{E3C2D21A-6A42-4989-84D0-9B70CC01BCC9}.Release|Any CPU.Build.0 = Release|Any CPU
	EndGlobalSection
	GlobalSection(SolutionProperties) = preSolution
		HideSolutionNode = FALSE
	EndGlobalSection
	GlobalSection(ExtensibilityGlobals) = postSolution
		SolutionGuid = {ABADA060-E20D-4F21-89C2-E47AFA07D3B6}
	EndGlobalSection
EndGlobal
